
Microsoft Visual Studio Solution File, Format Version 12.00
# Visual Studio Version 16
VisualStudioVersion = 16.0.30503.244
MinimumVisualStudioVersion = 10.0.40219.1
Project("{FAE04EC0-301F-11D3-BF4B-00C04F79EFBC}") = "recipesiteangthree", "recipesiteangthree.csproj", "{66A16164-950C-4402-BD05-6179A54F3041}"
EndProject
Global
	GlobalSection(SolutionConfigurationPlatforms) = preSolution
		Debug|Any CPU = Debug|Any CPU
		Release|Any CPU = Release|Any CPU
	EndGlobalSection
	GlobalSection(ProjectConfigurationPlatforms) = postSolution
		{66A16164-950C-4402-BD05-6179A54F3041}.Debug|Any CPU.ActiveCfg = Debug|Any CPU
		{66A16164-950C-4402-BD05-6179A54F3041}.Debug|Any CPU.Build.0 = Debug|Any CPU
		{66A16164-950C-4402-BD05-6179A54F3041}.Release|Any CPU.ActiveCfg = Release|Any CPU
		{66A16164-950C-4402-BD05-6179A54F3041}.Release|Any CPU.Build.0 = Release|Any CPU
	EndGlobalSection
	GlobalSection(SolutionProperties) = preSolution
		HideSolutionNode = FALSE
	EndGlobalSection
	GlobalSection(ExtensibilityGlobals) = postSolution
		SolutionGuid = {6D163BB3-9D52-4DC3-8697-D0352F692526}
	EndGlobalSection
EndGlobal
